
Microsoft Visual Studio Solution File, Format Version 12.00
# Visual Studio Version 16
VisualStudioVersion = 16.0.31410.357
MinimumVisualStudioVersion = 10.0.40219.1
Project("{FAE04EC0-301F-11D3-BF4B-00C04F79EFBC}") = "Farm", "Farm\Farm.csproj", "{58FE6C47-3095-463B-BFD6-9F21CD9365C9}"
EndProject
Global
	GlobalSection(SolutionConfigurationPlatforms) = preSolution
		Debug|Any CPU = Debug|Any CPU
		Release|Any CPU = Release|Any CPU
	EndGlobalSection
	GlobalSection(ProjectConfigurationPlatforms) = postSolution
		{58FE6C47-3095-463B-BFD6-9F21CD9365C9}.Debug|Any CPU.ActiveCfg = Debug|Any CPU
		{58FE6C47-3095-463B-BFD6-9F21CD9365C9}.Debug|Any CPU.Build.0 = Debug|Any CPU
		{58FE6C47-3095-463B-BFD6-9F21CD9365C9}.Release|Any CPU.ActiveCfg = Release|Any CPU
		{58FE6C47-3095-463B-BFD6-9F21CD9365C9}.Release|Any CPU.Build.0 = Release|Any CPU
	EndGlobalSection
	GlobalSection(SolutionProperties) = preSolution
		HideSolutionNode = FALSE
	EndGlobalSection
	GlobalSection(ExtensibilityGlobals) = postSolution
		SolutionGuid = {F36D8E8F-565D-48F5-9A47-42783CB73A45}
	EndGlobalSection
EndGlobal
