
Microsoft Visual Studio Solution File, Format Version 12.00
# Visual Studio Version 16
VisualStudioVersion = 16.0.31410.357
MinimumVisualStudioVersion = 10.0.40219.1
Project("{FAE04EC0-301F-11D3-BF4B-00C04F79EFBC}") = "01. Convert Meters to Kilometers", "01. Convert Meters to Kilometers\01. Convert Meters to Kilometers.csproj", "{895621D7-3A45-403C-93C4-C8B4D12349EE}"
EndProject
Project("{FAE04EC0-301F-11D3-BF4B-00C04F79EFBC}") = "02. Pounds to Dollars", "02. Pounds to Dollars\02. Pounds to Dollars.csproj", "{8F66F7D2-03F1-4C43-A704-0D7A3016DC24}"
EndProject
Project("{FAE04EC0-301F-11D3-BF4B-00C04F79EFBC}") = "03. Exact Sum of Real Numbers", "03. Exact Sum of Real Numbers\03. Exact Sum of Real Numbers.csproj", "{532C8F26-2FB3-4610-9490-1698FACBDF58}"
EndProject
Project("{FAE04EC0-301F-11D3-BF4B-00C04F79EFBC}") = "04. Centuries to Minutes", "04. Centuries to Minutes\04. Centuries to Minutes.csproj", "{93795186-85AC-4A01-8C8F-F5BC6C027A17}"
EndProject
Project("{FAE04EC0-301F-11D3-BF4B-00C04F79EFBC}") = "05. Special Numbers", "05. Special Numbers\05. Special Numbers.csproj", "{1DA73CC5-7FC0-4F9F-88CA-62453CACCE90}"
EndProject
Project("{FAE04EC0-301F-11D3-BF4B-00C04F79EFBC}") = "06. Reversed Chars", "06. Reversed Chars\06. Reversed Chars.csproj", "{9E73B245-9519-4B37-A66D-E7BCDDA00C6A}"
EndProject
Project("{FAE04EC0-301F-11D3-BF4B-00C04F79EFBC}") = "07. Concat Names", "07. Concat Names\07. Concat Names.csproj", "{D4076BC4-EC0A-4134-AF33-740BA504E4F9}"
EndProject
Project("{FAE04EC0-301F-11D3-BF4B-00C04F79EFBC}") = "08. Town Info", "08. Town Info\08. Town Info.csproj", "{0C86D239-2800-4F44-9593-30F68BC1E887}"
EndProject
Project("{FAE04EC0-301F-11D3-BF4B-00C04F79EFBC}") = "09. Chars to String", "09. Chars to String\09. Chars to String.csproj", "{1B937269-5C77-4F29-B40E-85902401C199}"
EndProject
Project("{FAE04EC0-301F-11D3-BF4B-00C04F79EFBC}") = "10. Lower or Upper", "10. Lower or Upper\10. Lower or Upper.csproj", "{09B43FDC-66CF-426A-9E25-743A72B4F495}"
EndProject
Project("{FAE04EC0-301F-11D3-BF4B-00C04F79EFBC}") = "11. Refactor Volume of Pyramid", "11. Refactor Volume of Pyramid\11. Refactor Volume of Pyramid.csproj", "{816BE2EE-08F1-465D-BB8E-C9F4244BC0A0}"
EndProject
Project("{FAE04EC0-301F-11D3-BF4B-00C04F79EFBC}") = "12. Refactor Special Numbers", "12. Refactor Special Numbers\12. Refactor Special Numbers.csproj", "{1C09AC34-6255-420D-A817-7E9CF62220CA}"
EndProject
Global
	GlobalSection(SolutionConfigurationPlatforms) = preSolution
		Debug|Any CPU = Debug|Any CPU
		Release|Any CPU = Release|Any CPU
	EndGlobalSection
	GlobalSection(ProjectConfigurationPlatforms) = postSolution
		{895621D7-3A45-403C-93C4-C8B4D12349EE}.Debug|Any CPU.ActiveCfg = Debug|Any CPU
		{895621D7-3A45-403C-93C4-C8B4D12349EE}.Debug|Any CPU.Build.0 = Debug|Any CPU
		{895621D7-3A45-403C-93C4-C8B4D12349EE}.Release|Any CPU.ActiveCfg = Release|Any CPU
		{895621D7-3A45-403C-93C4-C8B4D12349EE}.Release|Any CPU.Build.0 = Release|Any CPU
		{8F66F7D2-03F1-4C43-A704-0D7A3016DC24}.Debug|Any CPU.ActiveCfg = Debug|Any CPU
		{8F66F7D2-03F1-4C43-A704-0D7A3016DC24}.Debug|Any CPU.Build.0 = Debug|Any CPU
		{8F66F7D2-03F1-4C43-A704-0D7A3016DC24}.Release|Any CPU.ActiveCfg = Release|Any CPU
		{8F66F7D2-03F1-4C43-A704-0D7A3016DC24}.Release|Any CPU.Build.0 = Release|Any CPU
		{532C8F26-2FB3-4610-9490-1698FACBDF58}.Debug|Any CPU.ActiveCfg = Debug|Any CPU
		{532C8F26-2FB3-4610-9490-1698FACBDF58}.Debug|Any CPU.Build.0 = Debug|Any CPU
		{532C8F26-2FB3-4610-9490-1698FACBDF58}.Release|Any CPU.ActiveCfg = Release|Any CPU
		{532C8F26-2FB3-4610-9490-1698FACBDF58}.Release|Any CPU.Build.0 = Release|Any CPU
		{93795186-85AC-4A01-8C8F-F5BC6C027A17}.Debug|Any CPU.ActiveCfg = Debug|Any CPU
		{93795186-85AC-4A01-8C8F-F5BC6C027A17}.Debug|Any CPU.Build.0 = Debug|Any CPU
		{93795186-85AC-4A01-8C8F-F5BC6C027A17}.Release|Any CPU.ActiveCfg = Release|Any CPU
		{93795186-85AC-4A01-8C8F-F5BC6C027A17}.Release|Any CPU.Build.0 = Release|Any CPU
		{1DA73CC5-7FC0-4F9F-88CA-62453CACCE90}.Debug|Any CPU.ActiveCfg = Debug|Any CPU
		{1DA73CC5-7FC0-4F9F-88CA-62453CACCE90}.Debug|Any CPU.Build.0 = Debug|Any CPU
		{1DA73CC5-7FC0-4F9F-88CA-62453CACCE90}.Release|Any CPU.ActiveCfg = Release|Any CPU
		{1DA73CC5-7FC0-4F9F-88CA-62453CACCE90}.Release|Any CPU.Build.0 = Release|Any CPU
		{9E73B245-9519-4B37-A66D-E7BCDDA00C6A}.Debug|Any CPU.ActiveCfg = Debug|Any CPU
		{9E73B245-9519-4B37-A66D-E7BCDDA00C6A}.Debug|Any CPU.Build.0 = Debug|Any CPU
		{9E73B245-9519-4B37-A66D-E7BCDDA00C6A}.Release|Any CPU.ActiveCfg = Release|Any CPU
		{9E73B245-9519-4B37-A66D-E7BCDDA00C6A}.Release|Any CPU.Build.0 = Release|Any CPU
		{D4076BC4-EC0A-4134-AF33-740BA504E4F9}.Debug|Any CPU.ActiveCfg = Debug|Any CPU
		{D4076BC4-EC0A-4134-AF33-740BA504E4F9}.Debug|Any CPU.Build.0 = Debug|Any CPU
		{D4076BC4-EC0A-4134-AF33-740BA504E4F9}.Release|Any CPU.ActiveCfg = Release|Any CPU
		{D4076BC4-EC0A-4134-AF33-740BA504E4F9}.Release|Any CPU.Build.0 = Release|Any CPU
		{0C86D239-2800-4F44-9593-30F68BC1E887}.Debug|Any CPU.ActiveCfg = Debug|Any CPU
		{0C86D239-2800-4F44-9593-30F68BC1E887}.Debug|Any CPU.Build.0 = Debug|Any CPU
		{0C86D239-2800-4F44-9593-30F68BC1E887}.Release|Any CPU.ActiveCfg = Release|Any CPU
		{0C86D239-2800-4F44-9593-30F68BC1E887}.Release|Any CPU.Build.0 = Release|Any CPU
		{1B937269-5C77-4F29-B40E-85902401C199}.Debug|Any CPU.ActiveCfg = Debug|Any CPU
		{1B937269-5C77-4F29-B40E-85902401C199}.Debug|Any CPU.Build.0 = Debug|Any CPU
		{1B937269-5C77-4F29-B40E-85902401C199}.Release|Any CPU.ActiveCfg = Release|Any CPU
		{1B937269-5C77-4F29-B40E-85902401C199}.Release|Any CPU.Build.0 = Release|Any CPU
		{09B43FDC-66CF-426A-9E25-743A72B4F495}.Debug|Any CPU.ActiveCfg = Debug|Any CPU
		{09B43FDC-66CF-426A-9E25-743A72B4F495}.Debug|Any CPU.Build.0 = Debug|Any CPU
		{09B43FDC-66CF-426A-9E25-743A72B4F495}.Release|Any CPU.ActiveCfg = Release|Any CPU
		{09B43FDC-66CF-426A-9E25-743A72B4F495}.Release|Any CPU.Build.0 = Release|Any CPU
		{816BE2EE-08F1-465D-BB8E-C9F4244BC0A0}.Debug|Any CPU.ActiveCfg = Debug|Any CPU
		{816BE2EE-08F1-465D-BB8E-C9F4244BC0A0}.Debug|Any CPU.Build.0 = Debug|Any CPU
		{816BE2EE-08F1-465D-BB8E-C9F4244BC0A0}.Release|Any CPU.ActiveCfg = Release|Any CPU
		{816BE2EE-08F1-465D-BB8E-C9F4244BC0A0}.Release|Any CPU.Build.0 = Release|Any CPU
		{1C09AC34-6255-420D-A817-7E9CF62220CA}.Debug|Any CPU.ActiveCfg = Debug|Any CPU
		{1C09AC34-6255-420D-A817-7E9CF62220CA}.Debug|Any CPU.Build.0 = Debug|Any CPU
		{1C09AC34-6255-420D-A817-7E9CF62220CA}.Release|Any CPU.ActiveCfg = Release|Any CPU
		{1C09AC34-6255-420D-A817-7E9CF62220CA}.Release|Any CPU.Build.0 = Release|Any CPU
	EndGlobalSection
	GlobalSection(SolutionProperties) = preSolution
		HideSolutionNode = FALSE
	EndGlobalSection
	GlobalSection(ExtensibilityGlobals) = postSolution
		SolutionGuid = {912E6240-4688-4C01-9F08-D4623693865D}
	EndGlobalSection
EndGlobal
