
Microsoft Visual Studio Solution File, Format Version 12.00
# Visual Studio Version 16
VisualStudioVersion = 16.0.31410.357
MinimumVisualStudioVersion = 10.0.40219.1
Project("{FAE04EC0-301F-11D3-BF4B-00C04F79EFBC}") = "Farm", "Farm\Farm.csproj", "{4E3FB44E-3802-4F57-B7BB-C9EF00112745}"
EndProject
Global
	GlobalSection(SolutionConfigurationPlatforms) = preSolution
		Debug|Any CPU = Debug|Any CPU
		Release|Any CPU = Release|Any CPU
	EndGlobalSection
	GlobalSection(ProjectConfigurationPlatforms) = postSolution
		{4E3FB44E-3802-4F57-B7BB-C9EF00112745}.Debug|Any CPU.ActiveCfg = Debug|Any CPU
		{4E3FB44E-3802-4F57-B7BB-C9EF00112745}.Debug|Any CPU.Build.0 = Debug|Any CPU
		{4E3FB44E-3802-4F57-B7BB-C9EF00112745}.Release|Any CPU.ActiveCfg = Release|Any CPU
		{4E3FB44E-3802-4F57-B7BB-C9EF00112745}.Release|Any CPU.Build.0 = Release|Any CPU
	EndGlobalSection
	GlobalSection(SolutionProperties) = preSolution
		HideSolutionNode = FALSE
	EndGlobalSection
	GlobalSection(ExtensibilityGlobals) = postSolution
		SolutionGuid = {7B96171A-A3A5-4CC6-A533-D09741B4C798}
	EndGlobalSection
EndGlobal
