
Microsoft Visual Studio Solution File, Format Version 12.00
# Visual Studio Version 16
VisualStudioVersion = 16.0.31410.357
MinimumVisualStudioVersion = 10.0.40219.1
Project("{FAE04EC0-301F-11D3-BF4B-00C04F79EFBC}") = "Farm", "Farm\Farm.csproj", "{205F3FB1-C32A-4225-ABA4-387D31B3A224}"
EndProject
Global
	GlobalSection(SolutionConfigurationPlatforms) = preSolution
		Debug|Any CPU = Debug|Any CPU
		Release|Any CPU = Release|Any CPU
	EndGlobalSection
	GlobalSection(ProjectConfigurationPlatforms) = postSolution
		{205F3FB1-C32A-4225-ABA4-387D31B3A224}.Debug|Any CPU.ActiveCfg = Debug|Any CPU
		{205F3FB1-C32A-4225-ABA4-387D31B3A224}.Debug|Any CPU.Build.0 = Debug|Any CPU
		{205F3FB1-C32A-4225-ABA4-387D31B3A224}.Release|Any CPU.ActiveCfg = Release|Any CPU
		{205F3FB1-C32A-4225-ABA4-387D31B3A224}.Release|Any CPU.Build.0 = Release|Any CPU
	EndGlobalSection
	GlobalSection(SolutionProperties) = preSolution
		HideSolutionNode = FALSE
	EndGlobalSection
	GlobalSection(ExtensibilityGlobals) = postSolution
		SolutionGuid = {A7223BA2-2E33-4081-AE27-B0F9CC8CA9BE}
	EndGlobalSection
EndGlobal
