
Microsoft Visual Studio Solution File, Format Version 12.00
# Visual Studio Version 16
VisualStudioVersion = 16.0.31410.357
MinimumVisualStudioVersion = 10.0.40219.1
Project("{FAE04EC0-301F-11D3-BF4B-00C04F79EFBC}") = "CustomRandomList", "CustomRandomList\CustomRandomList.csproj", "{1C348233-48AF-402E-A509-3EAE15B70040}"
EndProject
Global
	GlobalSection(SolutionConfigurationPlatforms) = preSolution
		Debug|Any CPU = Debug|Any CPU
		Release|Any CPU = Release|Any CPU
	EndGlobalSection
	GlobalSection(ProjectConfigurationPlatforms) = postSolution
		{1C348233-48AF-402E-A509-3EAE15B70040}.Debug|Any CPU.ActiveCfg = Debug|Any CPU
		{1C348233-48AF-402E-A509-3EAE15B70040}.Debug|Any CPU.Build.0 = Debug|Any CPU
		{1C348233-48AF-402E-A509-3EAE15B70040}.Release|Any CPU.ActiveCfg = Release|Any CPU
		{1C348233-48AF-402E-A509-3EAE15B70040}.Release|Any CPU.Build.0 = Release|Any CPU
	EndGlobalSection
	GlobalSection(SolutionProperties) = preSolution
		HideSolutionNode = FALSE
	EndGlobalSection
	GlobalSection(ExtensibilityGlobals) = postSolution
		SolutionGuid = {8D5AA594-1D2F-49F0-8E14-33DB69BA5587}
	EndGlobalSection
EndGlobal
