
Microsoft Visual Studio Solution File, Format Version 12.00
# Visual Studio Version 16
VisualStudioVersion = 16.0.31410.357
MinimumVisualStudioVersion = 10.0.40219.1
Project("{FAE04EC0-301F-11D3-BF4B-00C04F79EFBC}") = "01. Record Unique Names", "01. Record Unique Names\01. Record Unique Names.csproj", "{4E2F6540-DB54-443E-8933-E14B0F0B8499}"
EndProject
Project("{FAE04EC0-301F-11D3-BF4B-00C04F79EFBC}") = "02. Parking Lot", "02. Parking Lot\02. Parking Lot.csproj", "{37FEC855-566D-4B91-AD50-DC966304A7DA}"
EndProject
Project("{FAE04EC0-301F-11D3-BF4B-00C04F79EFBC}") = "03. SoftUni Party", "03. SoftUni Party\03. SoftUni Party.csproj", "{1B1EA5DF-CC45-4981-A048-38F3FEBA3979}"
EndProject
Global
	GlobalSection(SolutionConfigurationPlatforms) = preSolution
		Debug|Any CPU = Debug|Any CPU
		Release|Any CPU = Release|Any CPU
	EndGlobalSection
	GlobalSection(ProjectConfigurationPlatforms) = postSolution
		{4E2F6540-DB54-443E-8933-E14B0F0B8499}.Debug|Any CPU.ActiveCfg = Debug|Any CPU
		{4E2F6540-DB54-443E-8933-E14B0F0B8499}.Debug|Any CPU.Build.0 = Debug|Any CPU
		{4E2F6540-DB54-443E-8933-E14B0F0B8499}.Release|Any CPU.ActiveCfg = Release|Any CPU
		{4E2F6540-DB54-443E-8933-E14B0F0B8499}.Release|Any CPU.Build.0 = Release|Any CPU
		{37FEC855-566D-4B91-AD50-DC966304A7DA}.Debug|Any CPU.ActiveCfg = Debug|Any CPU
		{37FEC855-566D-4B91-AD50-DC966304A7DA}.Debug|Any CPU.Build.0 = Debug|Any CPU
		{37FEC855-566D-4B91-AD50-DC966304A7DA}.Release|Any CPU.ActiveCfg = Release|Any CPU
		{37FEC855-566D-4B91-AD50-DC966304A7DA}.Release|Any CPU.Build.0 = Release|Any CPU
		{1B1EA5DF-CC45-4981-A048-38F3FEBA3979}.Debug|Any CPU.ActiveCfg = Debug|Any CPU
		{1B1EA5DF-CC45-4981-A048-38F3FEBA3979}.Debug|Any CPU.Build.0 = Debug|Any CPU
		{1B1EA5DF-CC45-4981-A048-38F3FEBA3979}.Release|Any CPU.ActiveCfg = Release|Any CPU
		{1B1EA5DF-CC45-4981-A048-38F3FEBA3979}.Release|Any CPU.Build.0 = Release|Any CPU
	EndGlobalSection
	GlobalSection(SolutionProperties) = preSolution
		HideSolutionNode = FALSE
	EndGlobalSection
	GlobalSection(ExtensibilityGlobals) = postSolution
		SolutionGuid = {26093725-2FFB-4414-84C3-F7C9B4CA9EAF}
	EndGlobalSection
EndGlobal
