
Microsoft Visual Studio Solution File, Format Version 12.00
# Visual Studio Version 16
VisualStudioVersion = 16.0.31410.357
MinimumVisualStudioVersion = 10.0.40219.1
Project("{FAE04EC0-301F-11D3-BF4B-00C04F79EFBC}") = "01.Furniture", "01.Furniture\01.Furniture.csproj", "{684BE7B1-BB6A-4B81-8B2A-738D6BCC92A6}"
EndProject
Project("{FAE04EC0-301F-11D3-BF4B-00C04F79EFBC}") = "02. Race", "02. Race\02. Race.csproj", "{1FAB294B-71D8-49ED-8AEC-DB7AB9BDAD7E}"
EndProject
Project("{FAE04EC0-301F-11D3-BF4B-00C04F79EFBC}") = "03. SoftUni Bar Income", "03. SoftUni Bar Income\03. SoftUni Bar Income.csproj", "{F569452D-40F4-4BCC-B481-8B40C4439454}"
EndProject
Global
	GlobalSection(SolutionConfigurationPlatforms) = preSolution
		Debug|Any CPU = Debug|Any CPU
		Release|Any CPU = Release|Any CPU
	EndGlobalSection
	GlobalSection(ProjectConfigurationPlatforms) = postSolution
		{684BE7B1-BB6A-4B81-8B2A-738D6BCC92A6}.Debug|Any CPU.ActiveCfg = Debug|Any CPU
		{684BE7B1-BB6A-4B81-8B2A-738D6BCC92A6}.Debug|Any CPU.Build.0 = Debug|Any CPU
		{684BE7B1-BB6A-4B81-8B2A-738D6BCC92A6}.Release|Any CPU.ActiveCfg = Release|Any CPU
		{684BE7B1-BB6A-4B81-8B2A-738D6BCC92A6}.Release|Any CPU.Build.0 = Release|Any CPU
		{1FAB294B-71D8-49ED-8AEC-DB7AB9BDAD7E}.Debug|Any CPU.ActiveCfg = Debug|Any CPU
		{1FAB294B-71D8-49ED-8AEC-DB7AB9BDAD7E}.Debug|Any CPU.Build.0 = Debug|Any CPU
		{1FAB294B-71D8-49ED-8AEC-DB7AB9BDAD7E}.Release|Any CPU.ActiveCfg = Release|Any CPU
		{1FAB294B-71D8-49ED-8AEC-DB7AB9BDAD7E}.Release|Any CPU.Build.0 = Release|Any CPU
		{F569452D-40F4-4BCC-B481-8B40C4439454}.Debug|Any CPU.ActiveCfg = Debug|Any CPU
		{F569452D-40F4-4BCC-B481-8B40C4439454}.Debug|Any CPU.Build.0 = Debug|Any CPU
		{F569452D-40F4-4BCC-B481-8B40C4439454}.Release|Any CPU.ActiveCfg = Release|Any CPU
		{F569452D-40F4-4BCC-B481-8B40C4439454}.Release|Any CPU.Build.0 = Release|Any CPU
	EndGlobalSection
	GlobalSection(SolutionProperties) = preSolution
		HideSolutionNode = FALSE
	EndGlobalSection
	GlobalSection(ExtensibilityGlobals) = postSolution
		SolutionGuid = {4BB24C31-CCFB-4B16-923D-75FDCEB34AD5}
	EndGlobalSection
EndGlobal
